
Microsoft Visual Studio Solution File, Format Version 12.00
# Visual Studio Version 17
VisualStudioVersion = 17.10.34814.14
MinimumVisualStudioVersion = 10.0.40219.1
Project("{FAE04EC0-301F-11D3-BF4B-00C04F79EFBC}") = "LojaConstrucao", "LojaConstrucao\LojaConstrucao.csproj", "{B551E6E2-BC1F-4DCC-9BC4-458B91F7DB80}"
EndProject
Global
	GlobalSection(SolutionConfigurationPlatforms) = preSolution
		Debug|Any CPU = Debug|Any CPU
		Release|Any CPU = Release|Any CPU
	EndGlobalSection
	GlobalSection(ProjectConfigurationPlatforms) = postSolution
		{B551E6E2-BC1F-4DCC-9BC4-458B91F7DB80}.Debug|Any CPU.ActiveCfg = Debug|Any CPU
		{B551E6E2-BC1F-4DCC-9BC4-458B91F7DB80}.Debug|Any CPU.Build.0 = Debug|Any CPU
		{B551E6E2-BC1F-4DCC-9BC4-458B91F7DB80}.Release|Any CPU.ActiveCfg = Release|Any CPU
		{B551E6E2-BC1F-4DCC-9BC4-458B91F7DB80}.Release|Any CPU.Build.0 = Release|Any CPU
	EndGlobalSection
	GlobalSection(SolutionProperties) = preSolution
		HideSolutionNode = FALSE
	EndGlobalSection
	GlobalSection(ExtensibilityGlobals) = postSolution
		SolutionGuid = {8859D221-A5C5-4992-96B9-A2EB1C35C6F3}
	EndGlobalSection
EndGlobal
